// !$*UTF8*$!
{
	archiveVersion = 1;
	classes = {
	};
	objectVersion = 56;
	objects = {

/* Begin PBXBuildFile section */
		8D4EC9382C134FEB00376664 /* TimetoDotApp.swift in Sources */ = {isa = PBXBuildFile; fileRef = 8D4EC9372C134FEB00376664 /* TimetoDotApp.swift */; };
		8D4EC93A2C134FEB00376664 /* ContentView.swift in Sources */ = {isa = PBXBuildFile; fileRef = 8D4EC9392C134FEB00376664 /* ContentView.swift */; };
		8D4EC93C2C134FEC00376664 /* Assets.xcassets in Resources */ = {isa = PBXBuildFile; fileRef = 8D4EC93B2C134FEC00376664 /* Assets.xcassets */; };
		8D4EC93F2C134FEC00376664 /* Preview Assets.xcassets in Resources */ = {isa = PBXBuildFile; fileRef = 8D4EC93E2C134FEC00376664 /* Preview Assets.xcassets */; };
		8D4EC94A2C13511100376664 /* AlarmView.swift in Sources */ = {isa = PBXBuildFile; fileRef = 8D4EC9492C13511100376664 /* AlarmView.swift */; };
		8D4EC94C2C13511C00376664 /* HourView.swift in Sources */ = {isa = PBXBuildFile; fileRef = 8D4EC94B2C13511C00376664 /* HourView.swift */; };
		8D4EC94E2C13512200376664 /* MinuteView.swift in Sources */ = {isa = PBXBuildFile; fileRef = 8D4EC94D2C13512200376664 /* MinuteView.swift */; };
		8D4EC9502C13512800376664 /* GuideView.swift in Sources */ = {isa = PBXBuildFile; fileRef = 8D4EC94F2C13512800376664 /* GuideView.swift */; };
		8D4EC9522C13514B00376664 /* TextData.swift in Sources */ = {isa = PBXBuildFile; fileRef = 8D4EC9512C13514B00376664 /* TextData.swift */; };
		8D4EC9542C1351AF00376664 /* brailleClockAlarm.mp3 in Resources */ = {isa = PBXBuildFile; fileRef = 8D4EC9532C1351AF00376664 /* brailleClockAlarm.mp3 */; };
		8D4EC9562C1351D300376664 /* ClockState.swift in Sources */ = {isa = PBXBuildFile; fileRef = 8D4EC9552C1351D300376664 /* ClockState.swift */; };
		8D4EC9582C1351F800376664 /* SoundManager.swift in Sources */ = {isa = PBXBuildFile; fileRef = 8D4EC9572C1351F800376664 /* SoundManager.swift */; };
		8D4EC95A2C13521D00376664 /* GuideButton.swift in Sources */ = {isa = PBXBuildFile; fileRef = 8D4EC9592C13521D00376664 /* GuideButton.swift */; };
		8D4EC95C2C13524100376664 /* AlarmButton.swift in Sources */ = {isa = PBXBuildFile; fileRef = 8D4EC95B2C13524100376664 /* AlarmButton.swift */; };
		8D4EC95E2C13525D00376664 /* AddTimeButton.swift in Sources */ = {isa = PBXBuildFile; fileRef = 8D4EC95D2C13525D00376664 /* AddTimeButton.swift */; };
		8D4EC9602C13547B00376664 /* ColorManager.swift in Sources */ = {isa = PBXBuildFile; fileRef = 8D4EC95F2C13547B00376664 /* ColorManager.swift */; };
/* End PBXBuildFile section */

/* Begin PBXFileReference section */
		8D4EC9342C134FEB00376664 /* Time to Dot.app */ = {isa = PBXFileReference; explicitFileType = wrapper.application; includeInIndex = 0; path = "Time to Dot.app"; sourceTree = BUILT_PRODUCTS_DIR; };
		8D4EC9372C134FEB00376664 /* TimetoDotApp.swift */ = {isa = PBXFileReference; lastKnownFileType = sourcecode.swift; path = TimetoDotApp.swift; sourceTree = "<group>"; };
		8D4EC9392C134FEB00376664 /* ContentView.swift */ = {isa = PBXFileReference; lastKnownFileType = sourcecode.swift; path = ContentView.swift; sourceTree = "<group>"; };
		8D4EC93B2C134FEC00376664 /* Assets.xcassets */ = {isa = PBXFileReference; lastKnownFileType = folder.assetcatalog; path = Assets.xcassets; sourceTree = "<group>"; };
		8D4EC93E2C134FEC00376664 /* Preview Assets.xcassets */ = {isa = PBXFileReference; lastKnownFileType = folder.assetcatalog; path = "Preview Assets.xcassets"; sourceTree = "<group>"; };
		8D4EC9492C13511100376664 /* AlarmView.swift */ = {isa = PBXFileReference; lastKnownFileType = sourcecode.swift; path = AlarmView.swift; sourceTree = "<group>"; };
		8D4EC94B2C13511C00376664 /* HourView.swift */ = {isa = PBXFileReference; lastKnownFileType = sourcecode.swift; path = HourView.swift; sourceTree = "<group>"; };
		8D4EC94D2C13512200376664 /* MinuteView.swift */ = {isa = PBXFileReference; lastKnownFileType = sourcecode.swift; path = MinuteView.swift; sourceTree = "<group>"; };
		8D4EC94F2C13512800376664 /* GuideView.swift */ = {isa = PBXFileReference; lastKnownFileType = sourcecode.swift; path = GuideView.swift; sourceTree = "<group>"; };
		8D4EC9512C13514B00376664 /* TextData.swift */ = {isa = PBXFileReference; lastKnownFileType = sourcecode.swift; path = TextData.swift; sourceTree = "<group>"; };
		8D4EC9532C1351AF00376664 /* brailleClockAlarm.mp3 */ = {isa = PBXFileReference; lastKnownFileType = audio.mp3; name = brailleClockAlarm.mp3; path = "../../../../스스챌2024/Time to Dot/brailleClockAlarm.mp3"; sourceTree = "<group>"; };
		8D4EC9552C1351D300376664 /* ClockState.swift */ = {isa = PBXFileReference; lastKnownFileType = sourcecode.swift; path = ClockState.swift; sourceTree = "<group>"; };
		8D4EC9572C1351F800376664 /* SoundManager.swift */ = {isa = PBXFileReference; lastKnownFileType = sourcecode.swift; path = SoundManager.swift; sourceTree = "<group>"; };
		8D4EC9592C13521D00376664 /* GuideButton.swift */ = {isa = PBXFileReference; lastKnownFileType = sourcecode.swift; path = GuideButton.swift; sourceTree = "<group>"; };
		8D4EC95B2C13524100376664 /* AlarmButton.swift */ = {isa = PBXFileReference; lastKnownFileType = sourcecode.swift; path = AlarmButton.swift; sourceTree = "<group>"; };
		8D4EC95D2C13525D00376664 /* AddTimeButton.swift */ = {isa = PBXFileReference; lastKnownFileType = sourcecode.swift; path = AddTimeButton.swift; sourceTree = "<group>"; };
		8D4EC95F2C13547B00376664 /* ColorManager.swift */ = {isa = PBXFileReference; lastKnownFileType = sourcecode.swift; path = ColorManager.swift; sourceTree = "<group>"; };
		8D4EC9612C13637B00376664 /* README.md */ = {isa = PBXFileReference; lastKnownFileType = net.daringfireball.markdown; path = README.md; sourceTree = "<group>"; };
/* End PBXFileReference section */

/* Begin PBXFrameworksBuildPhase section */
		8D4EC9312C134FEB00376664 /* Frameworks */ = {
			isa = PBXFrameworksBuildPhase;
			buildActionMask = 2147483647;
			files = (
			);
			runOnlyForDeploymentPostprocessing = 0;
		};
/* End PBXFrameworksBuildPhase section */

/* Begin PBXGroup section */
		8D4EC92B2C134FEB00376664 = {
			isa = PBXGroup;
			children = (
				8D4EC9612C13637B00376664 /* README.md */,
				8D4EC9362C134FEB00376664 /* Time to Dot */,
				8D4EC9352C134FEB00376664 /* Products */,
			);
			sourceTree = "<group>";
		};
		8D4EC9352C134FEB00376664 /* Products */ = {
			isa = PBXGroup;
			children = (
				8D4EC9342C134FEB00376664 /* Time to Dot.app */,
			);
			name = Products;
			sourceTree = "<group>";
		};
		8D4EC9362C134FEB00376664 /* Time to Dot */ = {
			isa = PBXGroup;
			children = (
				8D4EC9472C1350C800376664 /* Resources */,
				8D4EC9462C1350C400376664 /* Models */,
				8D4EC9452C1350C000376664 /* Views */,
				8D4EC9372C134FEB00376664 /* TimetoDotApp.swift */,
				8D4EC93D2C134FEC00376664 /* Preview Content */,
			);
			path = "Time to Dot";
			sourceTree = "<group>";
		};
		8D4EC93D2C134FEC00376664 /* Preview Content */ = {
			isa = PBXGroup;
			children = (
				8D4EC93E2C134FEC00376664 /* Preview Assets.xcassets */,
			);
			path = "Preview Content";
			sourceTree = "<group>";
		};
		8D4EC9452C1350C000376664 /* Views */ = {
			isa = PBXGroup;
			children = (
				8D4EC9482C1350EB00376664 /* Components */,
				8D4EC9392C134FEB00376664 /* ContentView.swift */,
				8D4EC9492C13511100376664 /* AlarmView.swift */,
				8D4EC94B2C13511C00376664 /* HourView.swift */,
				8D4EC94D2C13512200376664 /* MinuteView.swift */,
				8D4EC94F2C13512800376664 /* GuideView.swift */,
			);
			path = Views;
			sourceTree = "<group>";
		};
		8D4EC9462C1350C400376664 /* Models */ = {
			isa = PBXGroup;
			children = (
				8D4EC9512C13514B00376664 /* TextData.swift */,
				8D4EC9552C1351D300376664 /* ClockState.swift */,
				8D4EC9572C1351F800376664 /* SoundManager.swift */,
				8D4EC95F2C13547B00376664 /* ColorManager.swift */,
			);
			path = Models;
			sourceTree = "<group>";
		};
		8D4EC9472C1350C800376664 /* Resources */ = {
			isa = PBXGroup;
			children = (
				8D4EC9532C1351AF00376664 /* brailleClockAlarm.mp3 */,
				8D4EC93B2C134FEC00376664 /* Assets.xcassets */,
			);
			path = Resources;
			sourceTree = "<group>";
		};
		8D4EC9482C1350EB00376664 /* Components */ = {
			isa = PBXGroup;
			children = (
				8D4EC9592C13521D00376664 /* GuideButton.swift */,
				8D4EC95B2C13524100376664 /* AlarmButton.swift */,
				8D4EC95D2C13525D00376664 /* AddTimeButton.swift */,
			);
			path = Components;
			sourceTree = "<group>";
		};
/* End PBXGroup section */

/* Begin PBXNativeTarget section */
		8D4EC9332C134FEB00376664 /* Time to Dot */ = {
			isa = PBXNativeTarget;
			buildConfigurationList = 8D4EC9422C134FEC00376664 /* Build configuration list for PBXNativeTarget "Time to Dot" */;
			buildPhases = (
				8D4EC9302C134FEB00376664 /* Sources */,
				8D4EC9312C134FEB00376664 /* Frameworks */,
				8D4EC9322C134FEB00376664 /* Resources */,
			);
			buildRules = (
			);
			dependencies = (
			);
			name = "Time to Dot";
			productName = "Time to Dot";
			productReference = 8D4EC9342C134FEB00376664 /* Time to Dot.app */;
			productType = "com.apple.product-type.application";
		};
/* End PBXNativeTarget section */

/* Begin PBXProject section */
		8D4EC92C2C134FEB00376664 /* Project object */ = {
			isa = PBXProject;
			attributes = {
				BuildIndependentTargetsInParallel = 1;
				LastSwiftUpdateCheck = 1530;
				LastUpgradeCheck = 1530;
				TargetAttributes = {
					8D4EC9332C134FEB00376664 = {
						CreatedOnToolsVersion = 15.3;
					};
				};
			};
			buildConfigurationList = 8D4EC92F2C134FEB00376664 /* Build configuration list for PBXProject "Time to Dot" */;
			compatibilityVersion = "Xcode 14.0";
			developmentRegion = en;
			hasScannedForEncodings = 0;
			knownRegions = (
				en,
				Base,
			);
			mainGroup = 8D4EC92B2C134FEB00376664;
			productRefGroup = 8D4EC9352C134FEB00376664 /* Products */;
			projectDirPath = "";
			projectRoot = "";
			targets = (
				8D4EC9332C134FEB00376664 /* Time to Dot */,
			);
		};
/* End PBXProject section */

/* Begin PBXResourcesBuildPhase section */
		8D4EC9322C134FEB00376664 /* Resources */ = {
			isa = PBXResourcesBuildPhase;
			buildActionMask = 2147483647;
			files = (
				8D4EC93F2C134FEC00376664 /* Preview Assets.xcassets in Resources */,
				8D4EC93C2C134FEC00376664 /* Assets.xcassets in Resources */,
				8D4EC9542C1351AF00376664 /* brailleClockAlarm.mp3 in Resources */,
			);
			runOnlyForDeploymentPostprocessing = 0;
		};
/* End PBXResourcesBuildPhase section */

/* Begin PBXSourcesBuildPhase section */
		8D4EC9302C134FEB00376664 /* Sources */ = {
			isa = PBXSourcesBuildPhase;
			buildActionMask = 2147483647;
			files = (
				8D4EC9562C1351D300376664 /* ClockState.swift in Sources */,
				8D4EC95C2C13524100376664 /* AlarmButton.swift in Sources */,
				8D4EC94E2C13512200376664 /* MinuteView.swift in Sources */,
				8D4EC93A2C134FEB00376664 /* ContentView.swift in Sources */,
				8D4EC94A2C13511100376664 /* AlarmView.swift in Sources */,
				8D4EC95A2C13521D00376664 /* GuideButton.swift in Sources */,
				8D4EC9502C13512800376664 /* GuideView.swift in Sources */,
				8D4EC9602C13547B00376664 /* ColorManager.swift in Sources */,
				8D4EC94C2C13511C00376664 /* HourView.swift in Sources */,
				8D4EC9382C134FEB00376664 /* TimetoDotApp.swift in Sources */,
				8D4EC9522C13514B00376664 /* TextData.swift in Sources */,
				8D4EC95E2C13525D00376664 /* AddTimeButton.swift in Sources */,
				8D4EC9582C1351F800376664 /* SoundManager.swift in Sources */,
			);
			runOnlyForDeploymentPostprocessing = 0;
		};
/* End PBXSourcesBuildPhase section */

/* Begin XCBuildConfiguration section */
		8D4EC9402C134FEC00376664 /* Debug */ = {
			isa = XCBuildConfiguration;
			buildSettings = {
				ALWAYS_SEARCH_USER_PATHS = NO;
				ASSETCATALOG_COMPILER_GENERATE_SWIFT_ASSET_SYMBOL_EXTENSIONS = YES;
				CLANG_ANALYZER_NONNULL = YES;
				CLANG_ANALYZER_NUMBER_OBJECT_CONVERSION = YES_AGGRESSIVE;
				CLANG_CXX_LANGUAGE_STANDARD = "gnu++20";
				CLANG_ENABLE_MODULES = YES;
				CLANG_ENABLE_OBJC_ARC = YES;
				CLANG_ENABLE_OBJC_WEAK = YES;
				CLANG_WARN_BLOCK_CAPTURE_AUTORELEASING = YES;
				CLANG_WARN_BOOL_CONVERSION = YES;
				CLANG_WARN_COMMA = YES;
				CLANG_WARN_CONSTANT_CONVERSION = YES;
				CLANG_WARN_DEPRECATED_OBJC_IMPLEMENTATIONS = YES;
				CLANG_WARN_DIRECT_OBJC_ISA_USAGE = YES_ERROR;
				CLANG_WARN_DOCUMENTATION_COMMENTS = YES;
				CLANG_WARN_EMPTY_BODY = YES;
				CLANG_WARN_ENUM_CONVERSION = YES;
				CLANG_WARN_INFINITE_RECURSION = YES;
				CLANG_WARN_INT_CONVERSION = YES;
				CLANG_WARN_NON_LITERAL_NULL_CONVERSION = YES;
				CLANG_WARN_OBJC_IMPLICIT_RETAIN_SELF = YES;
				CLANG_WARN_OBJC_LITERAL_CONVERSION = YES;
				CLANG_WARN_OBJC_ROOT_CLASS = YES_ERROR;
				CLANG_WARN_QUOTED_INCLUDE_IN_FRAMEWORK_HEADER = YES;
				CLANG_WARN_RANGE_LOOP_ANALYSIS = YES;
				CLANG_WARN_STRICT_PROTOTYPES = YES;
				CLANG_WARN_SUSPICIOUS_MOVE = YES;
				CLANG_WARN_UNGUARDED_AVAILABILITY = YES_AGGRESSIVE;
				CLANG_WARN_UNREACHABLE_CODE = YES;
				CLANG_WARN__DUPLICATE_METHOD_MATCH = YES;
				COPY_PHASE_STRIP = NO;
				DEBUG_INFORMATION_FORMAT = dwarf;
				ENABLE_STRICT_OBJC_MSGSEND = YES;
				ENABLE_TESTABILITY = YES;
				ENABLE_USER_SCRIPT_SANDBOXING = YES;
				GCC_C_LANGUAGE_STANDARD = gnu17;
				GCC_DYNAMIC_NO_PIC = NO;
				GCC_NO_COMMON_BLOCKS = YES;
				GCC_OPTIMIZATION_LEVEL = 0;
				GCC_PREPROCESSOR_DEFINITIONS = (
					"DEBUG=1",
					"$(inherited)",
				);
				GCC_WARN_64_TO_32_BIT_CONVERSION = YES;
				GCC_WARN_ABOUT_RETURN_TYPE = YES_ERROR;
				GCC_WARN_UNDECLARED_SELECTOR = YES;
				GCC_WARN_UNINITIALIZED_AUTOS = YES_AGGRESSIVE;
				GCC_WARN_UNUSED_FUNCTION = YES;
				GCC_WARN_UNUSED_VARIABLE = YES;
				IPHONEOS_DEPLOYMENT_TARGET = 17.4;
				LOCALIZATION_PREFERS_STRING_CATALOGS = YES;
				MTL_ENABLE_DEBUG_INFO = INCLUDE_SOURCE;
				MTL_FAST_MATH = YES;
				ONLY_ACTIVE_ARCH = YES;
				SDKROOT = iphoneos;
				SWIFT_ACTIVE_COMPILATION_CONDITIONS = "DEBUG $(inherited)";
				SWIFT_OPTIMIZATION_LEVEL = "-Onone";
			};
			name = Debug;
		};
		8D4EC9412C134FEC00376664 /* Release */ = {
			isa = XCBuildConfiguration;
			buildSettings = {
				ALWAYS_SEARCH_USER_PATHS = NO;
				ASSETCATALOG_COMPILER_GENERATE_SWIFT_ASSET_SYMBOL_EXTENSIONS = YES;
				CLANG_ANALYZER_NONNULL = YES;
				CLANG_ANALYZER_NUMBER_OBJECT_CONVERSION = YES_AGGRESSIVE;
				CLANG_CXX_LANGUAGE_STANDARD = "gnu++20";
				CLANG_ENABLE_MODULES = YES;
				CLANG_ENABLE_OBJC_ARC = YES;
				CLANG_ENABLE_OBJC_WEAK = YES;
				CLANG_WARN_BLOCK_CAPTURE_AUTORELEASING = YES;
				CLANG_WARN_BOOL_CONVERSION = YES;
				CLANG_WARN_COMMA = YES;
				CLANG_WARN_CONSTANT_CONVERSION = YES;
				CLANG_WARN_DEPRECATED_OBJC_IMPLEMENTATIONS = YES;
				CLANG_WARN_DIRECT_OBJC_ISA_USAGE = YES_ERROR;
				CLANG_WARN_DOCUMENTATION_COMMENTS = YES;
				CLANG_WARN_EMPTY_BODY = YES;
				CLANG_WARN_ENUM_CONVERSION = YES;
				CLANG_WARN_INFINITE_RECURSION = YES;
				CLANG_WARN_INT_CONVERSION = YES;
				CLANG_WARN_NON_LITERAL_NULL_CONVERSION = YES;
				CLANG_WARN_OBJC_IMPLICIT_RETAIN_SELF = YES;
				CLANG_WARN_OBJC_LITERAL_CONVERSION = YES;
				CLANG_WARN_OBJC_ROOT_CLASS = YES_ERROR;
				CLANG_WARN_QUOTED_INCLUDE_IN_FRAMEWORK_HEADER = YES;
				CLANG_WARN_RANGE_LOOP_ANALYSIS = YES;
				CLANG_WARN_STRICT_PROTOTYPES = YES;
				CLANG_WARN_SUSPICIOUS_MOVE = YES;
				CLANG_WARN_UNGUARDED_AVAILABILITY = YES_AGGRESSIVE;
				CLANG_WARN_UNREACHABLE_CODE = YES;
				CLANG_WARN__DUPLICATE_METHOD_MATCH = YES;
				COPY_PHASE_STRIP = NO;
				DEBUG_INFORMATION_FORMAT = "dwarf-with-dsym";
				ENABLE_NS_ASSERTIONS = NO;
				ENABLE_STRICT_OBJC_MSGSEND = YES;
				ENABLE_USER_SCRIPT_SANDBOXING = YES;
				GCC_C_LANGUAGE_STANDARD = gnu17;
				GCC_NO_COMMON_BLOCKS = YES;
				GCC_WARN_64_TO_32_BIT_CONVERSION = YES;
				GCC_WARN_ABOUT_RETURN_TYPE = YES_ERROR;
				GCC_WARN_UNDECLARED_SELECTOR = YES;
				GCC_WARN_UNINITIALIZED_AUTOS = YES_AGGRESSIVE;
				GCC_WARN_UNUSED_FUNCTION = YES;
				GCC_WARN_UNUSED_VARIABLE = YES;
				IPHONEOS_DEPLOYMENT_TARGET = 17.4;
				LOCALIZATION_PREFERS_STRING_CATALOGS = YES;
				MTL_ENABLE_DEBUG_INFO = NO;
				MTL_FAST_MATH = YES;
				SDKROOT = iphoneos;
				SWIFT_COMPILATION_MODE = wholemodule;
				VALIDATE_PRODUCT = YES;
			};
			name = Release;
		};
		8D4EC9432C134FEC00376664 /* Debug */ = {
			isa = XCBuildConfiguration;
			buildSettings = {
				ASSETCATALOG_COMPILER_APPICON_NAME = AppIcon;
				ASSETCATALOG_COMPILER_GLOBAL_ACCENT_COLOR_NAME = AccentColor;
				CODE_SIGN_STYLE = Automatic;
				CURRENT_PROJECT_VERSION = 1;
				DEVELOPMENT_ASSET_PATHS = "\"Time to Dot/Preview Content\"";
				DEVELOPMENT_TEAM = 888VRTGCXU;
				ENABLE_PREVIEWS = YES;
				GENERATE_INFOPLIST_FILE = YES;
				INFOPLIST_KEY_UIApplicationSceneManifest_Generation = YES;
				INFOPLIST_KEY_UIApplicationSupportsIndirectInputEvents = YES;
				INFOPLIST_KEY_UILaunchScreen_Generation = YES;
				INFOPLIST_KEY_UISupportedInterfaceOrientations_iPad = "UIInterfaceOrientationPortrait UIInterfaceOrientationPortraitUpsideDown UIInterfaceOrientationLandscapeLeft UIInterfaceOrientationLandscapeRight";
				INFOPLIST_KEY_UISupportedInterfaceOrientations_iPhone = "UIInterfaceOrientationPortrait UIInterfaceOrientationLandscapeLeft UIInterfaceOrientationLandscapeRight";
				LD_RUNPATH_SEARCH_PATHS = (
					"$(inherited)",
					"@executable_path/Frameworks",
				);
				MARKETING_VERSION = 1.0;
				PRODUCT_BUNDLE_IDENTIFIER = "com.jia.Time-to-Dot";
				PRODUCT_NAME = "$(TARGET_NAME)";
				SWIFT_EMIT_LOC_STRINGS = YES;
				SWIFT_VERSION = 5.0;
				TARGETED_DEVICE_FAMILY = "1,2";
			};
			name = Debug;
		};
		8D4EC9442C134FEC00376664 /* Release */ = {
			isa = XCBuildConfiguration;
			buildSettings = {
				ASSETCATALOG_COMPILER_APPICON_NAME = AppIcon;
				ASSETCATALOG_COMPILER_GLOBAL_ACCENT_COLOR_NAME = AccentColor;
				CODE_SIGN_STYLE = Automatic;
				CURRENT_PROJECT_VERSION = 1;
				DEVELOPMENT_ASSET_PATHS = "\"Time to Dot/Preview Content\"";
				DEVELOPMENT_TEAM = 888VRTGCXU;
				ENABLE_PREVIEWS = YES;
				GENERATE_INFOPLIST_FILE = YES;
				INFOPLIST_KEY_UIApplicationSceneManifest_Generation = YES;
				INFOPLIST_KEY_UIApplicationSupportsIndirectInputEvents = YES;
				INFOPLIST_KEY_UILaunchScreen_Generation = YES;
				INFOPLIST_KEY_UISupportedInterfaceOrientations_iPad = "UIInterfaceOrientationPortrait UIInterfaceOrientationPortraitUpsideDown UIInterfaceOrientationLandscapeLeft UIInterfaceOrientationLandscapeRight";
				INFOPLIST_KEY_UISupportedInterfaceOrientations_iPhone = "UIInterfaceOrientationPortrait UIInterfaceOrientationLandscapeLeft UIInterfaceOrientationLandscapeRight";
				LD_RUNPATH_SEARCH_PATHS = (
					"$(inherited)",
					"@executable_path/Frameworks",
				);
				MARKETING_VERSION = 1.0;
				PRODUCT_BUNDLE_IDENTIFIER = "com.jia.Time-to-Dot";
				PRODUCT_NAME = "$(TARGET_NAME)";
				SWIFT_EMIT_LOC_STRINGS = YES;
				SWIFT_VERSION = 5.0;
				TARGETED_DEVICE_FAMILY = "1,2";
			};
			name = Release;
		};
/* End XCBuildConfiguration section */

/* Begin XCConfigurationList section */
		8D4EC92F2C134FEB00376664 /* Build configuration list for PBXProject "Time to Dot" */ = {
			isa = XCConfigurationList;
			buildConfigurations = (
				8D4EC9402C134FEC00376664 /* Debug */,
				8D4EC9412C134FEC00376664 /* Release */,
			);
			defaultConfigurationIsVisible = 0;
			defaultConfigurationName = Release;
		};
		8D4EC9422C134FEC00376664 /* Build configuration list for PBXNativeTarget "Time to Dot" */ = {
			isa = XCConfigurationList;
			buildConfigurations = (
				8D4EC9432C134FEC00376664 /* Debug */,
				8D4EC9442C134FEC00376664 /* Release */,
			);
			defaultConfigurationIsVisible = 0;
			defaultConfigurationName = Release;
		};
/* End XCConfigurationList section */
	};
	rootObject = 8D4EC92C2C134FEB00376664 /* Project object */;
}
