// !$*UTF8*$!
{
	archiveVersion = 1;
	classes = {
	};
	objectVersion = 56;
	objects = {

/* Begin PBXBuildFile section */
		8DA737F92C43C486008DE03D /* TimetoDotApp.swift in Sources */ = {isa = PBXBuildFile; fileRef = 8DA737F82C43C486008DE03D /* TimetoDotApp.swift */; };
		8DA737FB2C43C486008DE03D /* ContentView.swift in Sources */ = {isa = PBXBuildFile; fileRef = 8DA737FA2C43C486008DE03D /* ContentView.swift */; };
		8DA737FD2C43C487008DE03D /* Assets.xcassets in Resources */ = {isa = PBXBuildFile; fileRef = 8DA737FC2C43C487008DE03D /* Assets.xcassets */; };
		8DA738002C43C487008DE03D /* Preview Assets.xcassets in Resources */ = {isa = PBXBuildFile; fileRef = 8DA737FF2C43C487008DE03D /* Preview Assets.xcassets */; };
		8DA7380D2C43C4D1008DE03D /* AlarmButton.swift in Sources */ = {isa = PBXBuildFile; fileRef = 8DA7380C2C43C4D1008DE03D /* AlarmButton.swift */; };
		8DA738112C43C4E6008DE03D /* AlarmView.swift in Sources */ = {isa = PBXBuildFile; fileRef = 8DA738102C43C4E6008DE03D /* AlarmView.swift */; };
		8DA738132C43C4EF008DE03D /* HourView.swift in Sources */ = {isa = PBXBuildFile; fileRef = 8DA738122C43C4EF008DE03D /* HourView.swift */; };
		8DA738152C43C4F7008DE03D /* MinuteView.swift in Sources */ = {isa = PBXBuildFile; fileRef = 8DA738142C43C4F7008DE03D /* MinuteView.swift */; };
		8DA738172C43C501008DE03D /* GuideView.swift in Sources */ = {isa = PBXBuildFile; fileRef = 8DA738162C43C501008DE03D /* GuideView.swift */; };
		8DA738192C43C51D008DE03D /* TextData.swift in Sources */ = {isa = PBXBuildFile; fileRef = 8DA738182C43C51D008DE03D /* TextData.swift */; };
		8DA7381B2C43C528008DE03D /* ClockState.swift in Sources */ = {isa = PBXBuildFile; fileRef = 8DA7381A2C43C528008DE03D /* ClockState.swift */; };
		8DA7381D2C43C531008DE03D /* SoundManager.swift in Sources */ = {isa = PBXBuildFile; fileRef = 8DA7381C2C43C531008DE03D /* SoundManager.swift */; };
		8DA7381F2C43C547008DE03D /* ColorManager.swift in Sources */ = {isa = PBXBuildFile; fileRef = 8DA7381E2C43C547008DE03D /* ColorManager.swift */; };
		8DA738212C43C592008DE03D /* brailleClockAlarm.mp3 in Resources */ = {isa = PBXBuildFile; fileRef = 8DA738202C43C592008DE03D /* brailleClockAlarm.mp3 */; };
		8DD034132CAE54790032295E /* OnboardingView.swift in Sources */ = {isa = PBXBuildFile; fileRef = 8DD034122CAE54790032295E /* OnboardingView.swift */; };
/* End PBXBuildFile section */

/* Begin PBXFileReference section */
		8DA64C112CA2793300D3DA73 /* Info.plist */ = {isa = PBXFileReference; lastKnownFileType = text.plist; path = Info.plist; sourceTree = "<group>"; };
		8DA737F52C43C486008DE03D /* TimetoDot.app */ = {isa = PBXFileReference; explicitFileType = wrapper.application; includeInIndex = 0; path = TimetoDot.app; sourceTree = BUILT_PRODUCTS_DIR; };
		8DA737F82C43C486008DE03D /* TimetoDotApp.swift */ = {isa = PBXFileReference; lastKnownFileType = sourcecode.swift; path = TimetoDotApp.swift; sourceTree = "<group>"; };
		8DA737FA2C43C486008DE03D /* ContentView.swift */ = {isa = PBXFileReference; lastKnownFileType = sourcecode.swift; path = ContentView.swift; sourceTree = "<group>"; };
		8DA737FC2C43C487008DE03D /* Assets.xcassets */ = {isa = PBXFileReference; lastKnownFileType = folder.assetcatalog; path = Assets.xcassets; sourceTree = "<group>"; };
		8DA737FF2C43C487008DE03D /* Preview Assets.xcassets */ = {isa = PBXFileReference; lastKnownFileType = folder.assetcatalog; path = "Preview Assets.xcassets"; sourceTree = "<group>"; };
		8DA7380C2C43C4D1008DE03D /* AlarmButton.swift */ = {isa = PBXFileReference; lastKnownFileType = sourcecode.swift; path = AlarmButton.swift; sourceTree = "<group>"; };
		8DA738102C43C4E6008DE03D /* AlarmView.swift */ = {isa = PBXFileReference; lastKnownFileType = sourcecode.swift; path = AlarmView.swift; sourceTree = "<group>"; };
		8DA738122C43C4EF008DE03D /* HourView.swift */ = {isa = PBXFileReference; lastKnownFileType = sourcecode.swift; path = HourView.swift; sourceTree = "<group>"; };
		8DA738142C43C4F7008DE03D /* MinuteView.swift */ = {isa = PBXFileReference; lastKnownFileType = sourcecode.swift; path = MinuteView.swift; sourceTree = "<group>"; };
		8DA738162C43C501008DE03D /* GuideView.swift */ = {isa = PBXFileReference; lastKnownFileType = sourcecode.swift; path = GuideView.swift; sourceTree = "<group>"; };
		8DA738182C43C51D008DE03D /* TextData.swift */ = {isa = PBXFileReference; lastKnownFileType = sourcecode.swift; path = TextData.swift; sourceTree = "<group>"; };
		8DA7381A2C43C528008DE03D /* ClockState.swift */ = {isa = PBXFileReference; lastKnownFileType = sourcecode.swift; path = ClockState.swift; sourceTree = "<group>"; };
		8DA7381C2C43C531008DE03D /* SoundManager.swift */ = {isa = PBXFileReference; lastKnownFileType = sourcecode.swift; path = SoundManager.swift; sourceTree = "<group>"; };
		8DA7381E2C43C547008DE03D /* ColorManager.swift */ = {isa = PBXFileReference; lastKnownFileType = sourcecode.swift; path = ColorManager.swift; sourceTree = "<group>"; };
		8DA738202C43C592008DE03D /* brailleClockAlarm.mp3 */ = {isa = PBXFileReference; lastKnownFileType = audio.mp3; path = brailleClockAlarm.mp3; sourceTree = "<group>"; };
		8DD034122CAE54790032295E /* OnboardingView.swift */ = {isa = PBXFileReference; lastKnownFileType = sourcecode.swift; path = OnboardingView.swift; sourceTree = "<group>"; };
/* End PBXFileReference section */

/* Begin PBXFrameworksBuildPhase section */
		8DA737F22C43C486008DE03D /* Frameworks */ = {
			isa = PBXFrameworksBuildPhase;
			buildActionMask = 2147483647;
			files = (
			);
			runOnlyForDeploymentPostprocessing = 0;
		};
/* End PBXFrameworksBuildPhase section */

/* Begin PBXGroup section */
		8DA737EC2C43C486008DE03D = {
			isa = PBXGroup;
			children = (
				8DA737F72C43C486008DE03D /* TimetoDot */,
				8DA737F62C43C486008DE03D /* Products */,
			);
			sourceTree = "<group>";
		};
		8DA737F62C43C486008DE03D /* Products */ = {
			isa = PBXGroup;
			children = (
				8DA737F52C43C486008DE03D /* TimetoDot.app */,
			);
			name = Products;
			sourceTree = "<group>";
		};
		8DA737F72C43C486008DE03D /* TimetoDot */ = {
			isa = PBXGroup;
			children = (
				8DA64C112CA2793300D3DA73 /* Info.plist */,
				8DA737F82C43C486008DE03D /* TimetoDotApp.swift */,
				8DA738082C43C4B4008DE03D /* Views */,
				8DA738072C43C4AF008DE03D /* Models */,
				8DA738062C43C4A9008DE03D /* Resources */,
				8DA737FE2C43C487008DE03D /* Preview Content */,
			);
			path = TimetoDot;
			sourceTree = "<group>";
		};
		8DA737FE2C43C487008DE03D /* Preview Content */ = {
			isa = PBXGroup;
			children = (
				8DA737FF2C43C487008DE03D /* Preview Assets.xcassets */,
			);
			path = "Preview Content";
			sourceTree = "<group>";
		};
		8DA738062C43C4A9008DE03D /* Resources */ = {
			isa = PBXGroup;
			children = (
				8DA737FC2C43C487008DE03D /* Assets.xcassets */,
				8DA738202C43C592008DE03D /* brailleClockAlarm.mp3 */,
			);
			path = Resources;
			sourceTree = "<group>";
		};
		8DA738072C43C4AF008DE03D /* Models */ = {
			isa = PBXGroup;
			children = (
				8DA738182C43C51D008DE03D /* TextData.swift */,
				8DA7381C2C43C531008DE03D /* SoundManager.swift */,
				8DA7381A2C43C528008DE03D /* ClockState.swift */,
				8DA7381E2C43C547008DE03D /* ColorManager.swift */,
			);
			path = Models;
			sourceTree = "<group>";
		};
		8DA738082C43C4B4008DE03D /* Views */ = {
			isa = PBXGroup;
			children = (
				8DA737FA2C43C486008DE03D /* ContentView.swift */,
				8DA738142C43C4F7008DE03D /* MinuteView.swift */,
				8DA738162C43C501008DE03D /* GuideView.swift */,
				8DA738102C43C4E6008DE03D /* AlarmView.swift */,
				8DA738122C43C4EF008DE03D /* HourView.swift */,
				8DA738092C43C4B9008DE03D /* Components */,
			);
			path = Views;
			sourceTree = "<group>";
		};
		8DA738092C43C4B9008DE03D /* Components */ = {
			isa = PBXGroup;
			children = (
				8DA7380C2C43C4D1008DE03D /* AlarmButton.swift */,
				8DD034122CAE54790032295E /* OnboardingView.swift */,
			);
			path = Components;
			sourceTree = "<group>";
		};
/* End PBXGroup section */

/* Begin PBXNativeTarget section */
		8DA737F42C43C486008DE03D /* TimetoDot */ = {
			isa = PBXNativeTarget;
			buildConfigurationList = 8DA738032C43C487008DE03D /* Build configuration list for PBXNativeTarget "TimetoDot" */;
			buildPhases = (
				8DA737F12C43C486008DE03D /* Sources */,
				8DA737F22C43C486008DE03D /* Frameworks */,
				8DA737F32C43C486008DE03D /* Resources */,
			);
			buildRules = (
			);
			dependencies = (
			);
			name = TimetoDot;
			productName = TimetoDot;
			productReference = 8DA737F52C43C486008DE03D /* TimetoDot.app */;
			productType = "com.apple.product-type.application";
		};
/* End PBXNativeTarget section */

/* Begin PBXProject section */
		8DA737ED2C43C486008DE03D /* Project object */ = {
			isa = PBXProject;
			attributes = {
				BuildIndependentTargetsInParallel = 1;
				LastSwiftUpdateCheck = 1530;
				LastUpgradeCheck = 1530;
				TargetAttributes = {
					8DA737F42C43C486008DE03D = {
						CreatedOnToolsVersion = 15.3;
					};
				};
			};
			buildConfigurationList = 8DA737F02C43C486008DE03D /* Build configuration list for PBXProject "TimetoDot" */;
			compatibilityVersion = "Xcode 14.0";
			developmentRegion = en;
			hasScannedForEncodings = 0;
			knownRegions = (
				en,
				Base,
			);
			mainGroup = 8DA737EC2C43C486008DE03D;
			productRefGroup = 8DA737F62C43C486008DE03D /* Products */;
			projectDirPath = "";
			projectRoot = "";
			targets = (
				8DA737F42C43C486008DE03D /* TimetoDot */,
			);
		};
/* End PBXProject section */

/* Begin PBXResourcesBuildPhase section */
		8DA737F32C43C486008DE03D /* Resources */ = {
			isa = PBXResourcesBuildPhase;
			buildActionMask = 2147483647;
			files = (
				8DA738002C43C487008DE03D /* Preview Assets.xcassets in Resources */,
				8DA737FD2C43C487008DE03D /* Assets.xcassets in Resources */,
				8DA738212C43C592008DE03D /* brailleClockAlarm.mp3 in Resources */,
			);
			runOnlyForDeploymentPostprocessing = 0;
		};
/* End PBXResourcesBuildPhase section */

/* Begin PBXSourcesBuildPhase section */
		8DA737F12C43C486008DE03D /* Sources */ = {
			isa = PBXSourcesBuildPhase;
			buildActionMask = 2147483647;
			files = (
				8DA738192C43C51D008DE03D /* TextData.swift in Sources */,
				8DA7381D2C43C531008DE03D /* SoundManager.swift in Sources */,
				8DA738172C43C501008DE03D /* GuideView.swift in Sources */,
				8DA738152C43C4F7008DE03D /* MinuteView.swift in Sources */,
				8DA737FB2C43C486008DE03D /* ContentView.swift in Sources */,
				8DA738132C43C4EF008DE03D /* HourView.swift in Sources */,
				8DA7380D2C43C4D1008DE03D /* AlarmButton.swift in Sources */,
				8DA7381F2C43C547008DE03D /* ColorManager.swift in Sources */,
				8DA737F92C43C486008DE03D /* TimetoDotApp.swift in Sources */,
				8DA738112C43C4E6008DE03D /* AlarmView.swift in Sources */,
				8DA7381B2C43C528008DE03D /* ClockState.swift in Sources */,
				8DD034132CAE54790032295E /* OnboardingView.swift in Sources */,
			);
			runOnlyForDeploymentPostprocessing = 0;
		};
/* End PBXSourcesBuildPhase section */

/* Begin XCBuildConfiguration section */
		8DA738012C43C487008DE03D /* Debug */ = {
			isa = XCBuildConfiguration;
			buildSettings = {
				ALWAYS_SEARCH_USER_PATHS = NO;
				ASSETCATALOG_COMPILER_GENERATE_SWIFT_ASSET_SYMBOL_EXTENSIONS = YES;
				CLANG_ANALYZER_NONNULL = YES;
				CLANG_ANALYZER_NUMBER_OBJECT_CONVERSION = YES_AGGRESSIVE;
				CLANG_CXX_LANGUAGE_STANDARD = "gnu++20";
				CLANG_ENABLE_MODULES = YES;
				CLANG_ENABLE_OBJC_ARC = YES;
				CLANG_ENABLE_OBJC_WEAK = YES;
				CLANG_WARN_BLOCK_CAPTURE_AUTORELEASING = YES;
				CLANG_WARN_BOOL_CONVERSION = YES;
				CLANG_WARN_COMMA = YES;
				CLANG_WARN_CONSTANT_CONVERSION = YES;
				CLANG_WARN_DEPRECATED_OBJC_IMPLEMENTATIONS = YES;
				CLANG_WARN_DIRECT_OBJC_ISA_USAGE = YES_ERROR;
				CLANG_WARN_DOCUMENTATION_COMMENTS = YES;
				CLANG_WARN_EMPTY_BODY = YES;
				CLANG_WARN_ENUM_CONVERSION = YES;
				CLANG_WARN_INFINITE_RECURSION = YES;
				CLANG_WARN_INT_CONVERSION = YES;
				CLANG_WARN_NON_LITERAL_NULL_CONVERSION = YES;
				CLANG_WARN_OBJC_IMPLICIT_RETAIN_SELF = YES;
				CLANG_WARN_OBJC_LITERAL_CONVERSION = YES;
				CLANG_WARN_OBJC_ROOT_CLASS = YES_ERROR;
				CLANG_WARN_QUOTED_INCLUDE_IN_FRAMEWORK_HEADER = YES;
				CLANG_WARN_RANGE_LOOP_ANALYSIS = YES;
				CLANG_WARN_STRICT_PROTOTYPES = YES;
				CLANG_WARN_SUSPICIOUS_MOVE = YES;
				CLANG_WARN_UNGUARDED_AVAILABILITY = YES_AGGRESSIVE;
				CLANG_WARN_UNREACHABLE_CODE = YES;
				CLANG_WARN__DUPLICATE_METHOD_MATCH = YES;
				COPY_PHASE_STRIP = NO;
				DEBUG_INFORMATION_FORMAT = dwarf;
				ENABLE_STRICT_OBJC_MSGSEND = YES;
				ENABLE_TESTABILITY = YES;
				ENABLE_USER_SCRIPT_SANDBOXING = YES;
				GCC_C_LANGUAGE_STANDARD = gnu17;
				GCC_DYNAMIC_NO_PIC = NO;
				GCC_NO_COMMON_BLOCKS = YES;
				GCC_OPTIMIZATION_LEVEL = 0;
				GCC_PREPROCESSOR_DEFINITIONS = (
					"DEBUG=1",
					"$(inherited)",
				);
				GCC_WARN_64_TO_32_BIT_CONVERSION = YES;
				GCC_WARN_ABOUT_RETURN_TYPE = YES_ERROR;
				GCC_WARN_UNDECLARED_SELECTOR = YES;
				GCC_WARN_UNINITIALIZED_AUTOS = YES_AGGRESSIVE;
				GCC_WARN_UNUSED_FUNCTION = YES;
				GCC_WARN_UNUSED_VARIABLE = YES;
				IPHONEOS_DEPLOYMENT_TARGET = 17.4;
				LOCALIZATION_PREFERS_STRING_CATALOGS = YES;
				MTL_ENABLE_DEBUG_INFO = INCLUDE_SOURCE;
				MTL_FAST_MATH = YES;
				ONLY_ACTIVE_ARCH = YES;
				SDKROOT = iphoneos;
				SWIFT_ACTIVE_COMPILATION_CONDITIONS = "DEBUG $(inherited)";
				SWIFT_OPTIMIZATION_LEVEL = "-Onone";
			};
			name = Debug;
		};
		8DA738022C43C487008DE03D /* Release */ = {
			isa = XCBuildConfiguration;
			buildSettings = {
				ALWAYS_SEARCH_USER_PATHS = NO;
				ASSETCATALOG_COMPILER_GENERATE_SWIFT_ASSET_SYMBOL_EXTENSIONS = YES;
				CLANG_ANALYZER_NONNULL = YES;
				CLANG_ANALYZER_NUMBER_OBJECT_CONVERSION = YES_AGGRESSIVE;
				CLANG_CXX_LANGUAGE_STANDARD = "gnu++20";
				CLANG_ENABLE_MODULES = YES;
				CLANG_ENABLE_OBJC_ARC = YES;
				CLANG_ENABLE_OBJC_WEAK = YES;
				CLANG_WARN_BLOCK_CAPTURE_AUTORELEASING = YES;
				CLANG_WARN_BOOL_CONVERSION = YES;
				CLANG_WARN_COMMA = YES;
				CLANG_WARN_CONSTANT_CONVERSION = YES;
				CLANG_WARN_DEPRECATED_OBJC_IMPLEMENTATIONS = YES;
				CLANG_WARN_DIRECT_OBJC_ISA_USAGE = YES_ERROR;
				CLANG_WARN_DOCUMENTATION_COMMENTS = YES;
				CLANG_WARN_EMPTY_BODY = YES;
				CLANG_WARN_ENUM_CONVERSION = YES;
				CLANG_WARN_INFINITE_RECURSION = YES;
				CLANG_WARN_INT_CONVERSION = YES;
				CLANG_WARN_NON_LITERAL_NULL_CONVERSION = YES;
				CLANG_WARN_OBJC_IMPLICIT_RETAIN_SELF = YES;
				CLANG_WARN_OBJC_LITERAL_CONVERSION = YES;
				CLANG_WARN_OBJC_ROOT_CLASS = YES_ERROR;
				CLANG_WARN_QUOTED_INCLUDE_IN_FRAMEWORK_HEADER = YES;
				CLANG_WARN_RANGE_LOOP_ANALYSIS = YES;
				CLANG_WARN_STRICT_PROTOTYPES = YES;
				CLANG_WARN_SUSPICIOUS_MOVE = YES;
				CLANG_WARN_UNGUARDED_AVAILABILITY = YES_AGGRESSIVE;
				CLANG_WARN_UNREACHABLE_CODE = YES;
				CLANG_WARN__DUPLICATE_METHOD_MATCH = YES;
				COPY_PHASE_STRIP = NO;
				DEBUG_INFORMATION_FORMAT = "dwarf-with-dsym";
				ENABLE_NS_ASSERTIONS = NO;
				ENABLE_STRICT_OBJC_MSGSEND = YES;
				ENABLE_USER_SCRIPT_SANDBOXING = YES;
				GCC_C_LANGUAGE_STANDARD = gnu17;
				GCC_NO_COMMON_BLOCKS = YES;
				GCC_WARN_64_TO_32_BIT_CONVERSION = YES;
				GCC_WARN_ABOUT_RETURN_TYPE = YES_ERROR;
				GCC_WARN_UNDECLARED_SELECTOR = YES;
				GCC_WARN_UNINITIALIZED_AUTOS = YES_AGGRESSIVE;
				GCC_WARN_UNUSED_FUNCTION = YES;
				GCC_WARN_UNUSED_VARIABLE = YES;
				IPHONEOS_DEPLOYMENT_TARGET = 17.4;
				LOCALIZATION_PREFERS_STRING_CATALOGS = YES;
				MTL_ENABLE_DEBUG_INFO = NO;
				MTL_FAST_MATH = YES;
				SDKROOT = iphoneos;
				SWIFT_COMPILATION_MODE = wholemodule;
				VALIDATE_PRODUCT = YES;
			};
			name = Release;
		};
		8DA738042C43C487008DE03D /* Debug */ = {
			isa = XCBuildConfiguration;
			buildSettings = {
				ASSETCATALOG_COMPILER_APPICON_NAME = AppIcon;
				ASSETCATALOG_COMPILER_GLOBAL_ACCENT_COLOR_NAME = AccentColor;
				CODE_SIGN_STYLE = Automatic;
				CURRENT_PROJECT_VERSION = 1;
				DEVELOPMENT_ASSET_PATHS = "\"TimetoDot/Preview Content\"";
				DEVELOPMENT_TEAM = 888VRTGCXU;
				ENABLE_PREVIEWS = YES;
				GENERATE_INFOPLIST_FILE = YES;
				INFOPLIST_FILE = TimetoDot/Info.plist;
				INFOPLIST_KEY_UIApplicationSceneManifest_Generation = YES;
				INFOPLIST_KEY_UIApplicationSupportsIndirectInputEvents = YES;
				INFOPLIST_KEY_UILaunchScreen_Generation = YES;
				INFOPLIST_KEY_UISupportedInterfaceOrientations_iPad = "UIInterfaceOrientationPortrait UIInterfaceOrientationPortraitUpsideDown UIInterfaceOrientationLandscapeLeft UIInterfaceOrientationLandscapeRight";
				INFOPLIST_KEY_UISupportedInterfaceOrientations_iPhone = "UIInterfaceOrientationPortrait UIInterfaceOrientationLandscapeLeft UIInterfaceOrientationLandscapeRight";
				LD_RUNPATH_SEARCH_PATHS = (
					"$(inherited)",
					"@executable_path/Frameworks",
				);
				MARKETING_VERSION = 1.0.1;
				PRODUCT_BUNDLE_IDENTIFIER = com.jia.TimetoDot;
				PRODUCT_NAME = "$(TARGET_NAME)";
				SWIFT_EMIT_LOC_STRINGS = YES;
				SWIFT_VERSION = 5.0;
				TARGETED_DEVICE_FAMILY = "1,2";
			};
			name = Debug;
		};
		8DA738052C43C487008DE03D /* Release */ = {
			isa = XCBuildConfiguration;
			buildSettings = {
				ASSETCATALOG_COMPILER_APPICON_NAME = AppIcon;
				ASSETCATALOG_COMPILER_GLOBAL_ACCENT_COLOR_NAME = AccentColor;
				CODE_SIGN_STYLE = Automatic;
				CURRENT_PROJECT_VERSION = 1;
				DEVELOPMENT_ASSET_PATHS = "\"TimetoDot/Preview Content\"";
				DEVELOPMENT_TEAM = 888VRTGCXU;
				ENABLE_PREVIEWS = YES;
				GENERATE_INFOPLIST_FILE = YES;
				INFOPLIST_FILE = TimetoDot/Info.plist;
				INFOPLIST_KEY_UIApplicationSceneManifest_Generation = YES;
				INFOPLIST_KEY_UIApplicationSupportsIndirectInputEvents = YES;
				INFOPLIST_KEY_UILaunchScreen_Generation = YES;
				INFOPLIST_KEY_UISupportedInterfaceOrientations_iPad = "UIInterfaceOrientationPortrait UIInterfaceOrientationPortraitUpsideDown UIInterfaceOrientationLandscapeLeft UIInterfaceOrientationLandscapeRight";
				INFOPLIST_KEY_UISupportedInterfaceOrientations_iPhone = "UIInterfaceOrientationPortrait UIInterfaceOrientationLandscapeLeft UIInterfaceOrientationLandscapeRight";
				LD_RUNPATH_SEARCH_PATHS = (
					"$(inherited)",
					"@executable_path/Frameworks",
				);
				MARKETING_VERSION = 1.0.1;
				PRODUCT_BUNDLE_IDENTIFIER = com.jia.TimetoDot;
				PRODUCT_NAME = "$(TARGET_NAME)";
				SWIFT_EMIT_LOC_STRINGS = YES;
				SWIFT_VERSION = 5.0;
				TARGETED_DEVICE_FAMILY = "1,2";
			};
			name = Release;
		};
/* End XCBuildConfiguration section */

/* Begin XCConfigurationList section */
		8DA737F02C43C486008DE03D /* Build configuration list for PBXProject "TimetoDot" */ = {
			isa = XCConfigurationList;
			buildConfigurations = (
				8DA738012C43C487008DE03D /* Debug */,
				8DA738022C43C487008DE03D /* Release */,
			);
			defaultConfigurationIsVisible = 0;
			defaultConfigurationName = Release;
		};
		8DA738032C43C487008DE03D /* Build configuration list for PBXNativeTarget "TimetoDot" */ = {
			isa = XCConfigurationList;
			buildConfigurations = (
				8DA738042C43C487008DE03D /* Debug */,
				8DA738052C43C487008DE03D /* Release */,
			);
			defaultConfigurationIsVisible = 0;
			defaultConfigurationName = Release;
		};
/* End XCConfigurationList section */
	};
	rootObject = 8DA737ED2C43C486008DE03D /* Project object */;
}
